
Microsoft Visual Studio Solution File, Format Version 12.00
# Visual Studio Version 17
VisualStudioVersion = 17.6.33815.320
MinimumVisualStudioVersion = 10.0.40219.1
Project("{2150E333-8FDC-42A3-9474-1A3956D46DE8}") = "Src", "Src", "{49C0213C-99C7-4B5B-80B8-5494D5F8BD40}"
EndProject
Project("{2150E333-8FDC-42A3-9474-1A3956D46DE8}") = "Tests", "Tests", "{5453662A-96E4-4C71-AAAD-70C5ACE988C7}"
EndProject
Project("{2150E333-8FDC-42A3-9474-1A3956D46DE8}") = "Core", "Core", "{769CF26F-027E-4781-8EE9-096310BF46B8}"
EndProject
Project("{2150E333-8FDC-42A3-9474-1A3956D46DE8}") = "Infrastructure", "Infrastructure", "{F684FD9F-2161-46F6-9548-2C0234E8A0B4}"
EndProject
Project("{2150E333-8FDC-42A3-9474-1A3956D46DE8}") = "Web", "Web", "{F6CC0190-C191-4929-9DF2-21163AE7F216}"
EndProject
Project("{FAE04EC0-301F-11D3-BF4B-00C04F79EFBC}") = "Todo.API", "Todo.API\Todo.API.csproj", "{415DC019-8FBB-4335-97A2-DC4B60429C87}"
EndProject
Project("{FAE04EC0-301F-11D3-BF4B-00C04F79EFBC}") = "Todo.Domain", "Todo.Domain\Todo.Domain.csproj", "{95BD3316-2149-4029-92B8-0995BACD6B97}"
EndProject
Project("{FAE04EC0-301F-11D3-BF4B-00C04F79EFBC}") = "Todo.Application", "Todo.Application\Todo.Application.csproj", "{03944568-A081-4FF4-8298-182371BDA101}"
EndProject
Project("{FAE04EC0-301F-11D3-BF4B-00C04F79EFBC}") = "Todo.Idenity", "Todo.Idenity\Todo.Idenity.csproj", "{8ED8176F-3FC0-4B16-AF35-170DBA99C971}"
EndProject
Project("{FAE04EC0-301F-11D3-BF4B-00C04F79EFBC}") = "Todo.Persistence", "Todo.Persistence\Todo.Persistence.csproj", "{23243BF9-84CF-4C3E-A189-07BB4FC67E60}"
EndProject
Project("{FAE04EC0-301F-11D3-BF4B-00C04F79EFBC}") = "Todo.Shared", "Todo.Shared\Todo.Shared.csproj", "{2D280206-3952-4BDF-866E-E59EFC6B8D68}"
EndProject
Global
	GlobalSection(SolutionConfigurationPlatforms) = preSolution
		Debug|Any CPU = Debug|Any CPU
		Release|Any CPU = Release|Any CPU
	EndGlobalSection
	GlobalSection(ProjectConfigurationPlatforms) = postSolution
		{415DC019-8FBB-4335-97A2-DC4B60429C87}.Debug|Any CPU.ActiveCfg = Debug|Any CPU
		{415DC019-8FBB-4335-97A2-DC4B60429C87}.Debug|Any CPU.Build.0 = Debug|Any CPU
		{415DC019-8FBB-4335-97A2-DC4B60429C87}.Release|Any CPU.ActiveCfg = Release|Any CPU
		{415DC019-8FBB-4335-97A2-DC4B60429C87}.Release|Any CPU.Build.0 = Release|Any CPU
		{95BD3316-2149-4029-92B8-0995BACD6B97}.Debug|Any CPU.ActiveCfg = Debug|Any CPU
		{95BD3316-2149-4029-92B8-0995BACD6B97}.Debug|Any CPU.Build.0 = Debug|Any CPU
		{95BD3316-2149-4029-92B8-0995BACD6B97}.Release|Any CPU.ActiveCfg = Release|Any CPU
		{95BD3316-2149-4029-92B8-0995BACD6B97}.Release|Any CPU.Build.0 = Release|Any CPU
		{03944568-A081-4FF4-8298-182371BDA101}.Debug|Any CPU.ActiveCfg = Debug|Any CPU
		{03944568-A081-4FF4-8298-182371BDA101}.Debug|Any CPU.Build.0 = Debug|Any CPU
		{03944568-A081-4FF4-8298-182371BDA101}.Release|Any CPU.ActiveCfg = Release|Any CPU
		{03944568-A081-4FF4-8298-182371BDA101}.Release|Any CPU.Build.0 = Release|Any CPU
		{8ED8176F-3FC0-4B16-AF35-170DBA99C971}.Debug|Any CPU.ActiveCfg = Debug|Any CPU
		{8ED8176F-3FC0-4B16-AF35-170DBA99C971}.Debug|Any CPU.Build.0 = Debug|Any CPU
		{8ED8176F-3FC0-4B16-AF35-170DBA99C971}.Release|Any CPU.ActiveCfg = Release|Any CPU
		{8ED8176F-3FC0-4B16-AF35-170DBA99C971}.Release|Any CPU.Build.0 = Release|Any CPU
		{23243BF9-84CF-4C3E-A189-07BB4FC67E60}.Debug|Any CPU.ActiveCfg = Debug|Any CPU
		{23243BF9-84CF-4C3E-A189-07BB4FC67E60}.Debug|Any CPU.Build.0 = Debug|Any CPU
		{23243BF9-84CF-4C3E-A189-07BB4FC67E60}.Release|Any CPU.ActiveCfg = Release|Any CPU
		{23243BF9-84CF-4C3E-A189-07BB4FC67E60}.Release|Any CPU.Build.0 = Release|Any CPU
		{2D280206-3952-4BDF-866E-E59EFC6B8D68}.Debug|Any CPU.ActiveCfg = Debug|Any CPU
		{2D280206-3952-4BDF-866E-E59EFC6B8D68}.Debug|Any CPU.Build.0 = Debug|Any CPU
		{2D280206-3952-4BDF-866E-E59EFC6B8D68}.Release|Any CPU.ActiveCfg = Release|Any CPU
		{2D280206-3952-4BDF-866E-E59EFC6B8D68}.Release|Any CPU.Build.0 = Release|Any CPU
	EndGlobalSection
	GlobalSection(SolutionProperties) = preSolution
		HideSolutionNode = FALSE
	EndGlobalSection
	GlobalSection(NestedProjects) = preSolution
		{769CF26F-027E-4781-8EE9-096310BF46B8} = {49C0213C-99C7-4B5B-80B8-5494D5F8BD40}
		{F684FD9F-2161-46F6-9548-2C0234E8A0B4} = {49C0213C-99C7-4B5B-80B8-5494D5F8BD40}
		{F6CC0190-C191-4929-9DF2-21163AE7F216} = {49C0213C-99C7-4B5B-80B8-5494D5F8BD40}
		{415DC019-8FBB-4335-97A2-DC4B60429C87} = {F6CC0190-C191-4929-9DF2-21163AE7F216}
		{95BD3316-2149-4029-92B8-0995BACD6B97} = {769CF26F-027E-4781-8EE9-096310BF46B8}
		{03944568-A081-4FF4-8298-182371BDA101} = {769CF26F-027E-4781-8EE9-096310BF46B8}
		{8ED8176F-3FC0-4B16-AF35-170DBA99C971} = {F684FD9F-2161-46F6-9548-2C0234E8A0B4}
		{23243BF9-84CF-4C3E-A189-07BB4FC67E60} = {F684FD9F-2161-46F6-9548-2C0234E8A0B4}
		{2D280206-3952-4BDF-866E-E59EFC6B8D68} = {F684FD9F-2161-46F6-9548-2C0234E8A0B4}
	EndGlobalSection
	GlobalSection(ExtensibilityGlobals) = postSolution
		SolutionGuid = {587EFF9A-CD0D-43DC-800C-4AFD59EA4ED1}
	EndGlobalSection
EndGlobal
